// !$*UTF8*$!
{
	archiveVersion = 1;
	classes = {
	};
	objectVersion = 77;
	objects = {

/* Begin PBXBuildFile section */
		843E30F92FF68ECD00D9E33C /* Assets.xcassets in Resources */ = {isa = PBXBuildFile; fileRef = 843E30E72FF68ECD00D9E33C /* Assets.xcassets */; };
		843E30FA2FF68ECD00D9E33C /* PlaceholderDetailViewController.swift in Sources */ = {isa = PBXBuildFile; fileRef = 843E30F62FF68ECD00D9E33C /* PlaceholderDetailViewController.swift */; };
		843E30FB2FF68ECD00D9E33C /* AddAnchorViewController.swift in Sources */ = {isa = PBXBuildFile; fileRef = 843E30F02FF68ECD00D9E33C /* AddAnchorViewController.swift */; };
		843E30FC2FF68ECD00D9E33C /* RaycastPlaceholder.swift in Sources */ = {isa = PBXBuildFile; fileRef = 843E30EB2FF68ECD00D9E33C /* RaycastPlaceholder.swift */; };
		843E30FD2FF68ECD00D9E33C /* SceneDelegate.swift in Sources */ = {isa = PBXBuildFile; fileRef = 843E30E52FF68ECD00D9E33C /* SceneDelegate.swift */; };
		843E30FE2FF68ECD00D9E33C /* AnchorTapInfo.swift in Sources */ = {isa = PBXBuildFile; fileRef = 843E30E82FF68ECD00D9E33C /* AnchorTapInfo.swift */; };
		843E30FF2FF68ECD00D9E33C /* ARCardItem.swift in Sources */ = {isa = PBXBuildFile; fileRef = 843E30E92FF68ECD00D9E33C /* ARCardItem.swift */; };
		843E31002FF68ECD00D9E33C /* AppDelegate.swift in Sources */ = {isa = PBXBuildFile; fileRef = 843E30E42FF68ECD00D9E33C /* AppDelegate.swift */; };
		843E31012FF68ECD00D9E33C /* ARWorldTrackingViewController.swift in Sources */ = {isa = PBXBuildFile; fileRef = 843E30F12FF68ECD00D9E33C /* ARWorldTrackingViewController.swift */; };
		843E31022FF68ECD00D9E33C /* HomeViewModel.swift in Sources */ = {isa = PBXBuildFile; fileRef = 843E30EE2FF68ECD00D9E33C /* HomeViewModel.swift */; };
		843E31032FF68ECD00D9E33C /* HomeCardCell.swift in Sources */ = {isa = PBXBuildFile; fileRef = 843E30F32FF68ECD00D9E33C /* HomeCardCell.swift */; };
		843E31042FF68ECD00D9E33C /* ARWorldTrackingViewModel.swift in Sources */ = {isa = PBXBuildFile; fileRef = 843E30ED2FF68ECD00D9E33C /* ARWorldTrackingViewModel.swift */; };
		843E31052FF68ECD00D9E33C /* HomeViewController.swift in Sources */ = {isa = PBXBuildFile; fileRef = 843E30F42FF68ECD00D9E33C /* HomeViewController.swift */; };
		843E31072FF837F200D9E33C /* RaycastMethodViewController.swift in Sources */ = {isa = PBXBuildFile; fileRef = 843E31062FF837EC00D9E33C /* RaycastMethodViewController.swift */; };
		843E31092FF8380700D9E33C /* RaycastTargetViewController.swift in Sources */ = {isa = PBXBuildFile; fileRef = 843E31082FF8380100D9E33C /* RaycastTargetViewController.swift */; };
/* End PBXBuildFile section */

/* Begin PBXFileReference section */
		843E30E42FF68ECD00D9E33C /* AppDelegate.swift */ = {isa = PBXFileReference; lastKnownFileType = sourcecode.swift; path = AppDelegate.swift; sourceTree = "<group>"; };
		843E30E52FF68ECD00D9E33C /* SceneDelegate.swift */ = {isa = PBXFileReference; lastKnownFileType = sourcecode.swift; path = SceneDelegate.swift; sourceTree = "<group>"; };
		843E30E72FF68ECD00D9E33C /* Assets.xcassets */ = {isa = PBXFileReference; lastKnownFileType = folder.assetcatalog; path = Assets.xcassets; sourceTree = "<group>"; };
		843E30E82FF68ECD00D9E33C /* AnchorTapInfo.swift */ = {isa = PBXFileReference; lastKnownFileType = sourcecode.swift; path = AnchorTapInfo.swift; sourceTree = "<group>"; };
		843E30E92FF68ECD00D9E33C /* ARCardItem.swift */ = {isa = PBXFileReference; lastKnownFileType = sourcecode.swift; path = ARCardItem.swift; sourceTree = "<group>"; };
		843E30EB2FF68ECD00D9E33C /* RaycastPlaceholder.swift */ = {isa = PBXFileReference; lastKnownFileType = sourcecode.swift; path = RaycastPlaceholder.swift; sourceTree = "<group>"; };
		843E30ED2FF68ECD00D9E33C /* ARWorldTrackingViewModel.swift */ = {isa = PBXFileReference; lastKnownFileType = sourcecode.swift; path = ARWorldTrackingViewModel.swift; sourceTree = "<group>"; };
		843E30EE2FF68ECD00D9E33C /* HomeViewModel.swift */ = {isa = PBXFileReference; lastKnownFileType = sourcecode.swift; path = HomeViewModel.swift; sourceTree = "<group>"; };
		843E30F02FF68ECD00D9E33C /* AddAnchorViewController.swift */ = {isa = PBXFileReference; lastKnownFileType = sourcecode.swift; path = AddAnchorViewController.swift; sourceTree = "<group>"; };
		843E30F12FF68ECD00D9E33C /* ARWorldTrackingViewController.swift */ = {isa = PBXFileReference; lastKnownFileType = sourcecode.swift; path = ARWorldTrackingViewController.swift; sourceTree = "<group>"; };
		843E30F32FF68ECD00D9E33C /* HomeCardCell.swift */ = {isa = PBXFileReference; lastKnownFileType = sourcecode.swift; path = HomeCardCell.swift; sourceTree = "<group>"; };
		843E30F42FF68ECD00D9E33C /* HomeViewController.swift */ = {isa = PBXFileReference; lastKnownFileType = sourcecode.swift; path = HomeViewController.swift; sourceTree = "<group>"; };
		843E30F62FF68ECD00D9E33C /* PlaceholderDetailViewController.swift */ = {isa = PBXFileReference; lastKnownFileType = sourcecode.swift; path = PlaceholderDetailViewController.swift; sourceTree = "<group>"; };
		843E31062FF837EC00D9E33C /* RaycastMethodViewController.swift */ = {isa = PBXFileReference; lastKnownFileType = sourcecode.swift; path = RaycastMethodViewController.swift; sourceTree = "<group>"; };
		843E31082FF8380100D9E33C /* RaycastTargetViewController.swift */ = {isa = PBXFileReference; lastKnownFileType = sourcecode.swift; path = RaycastTargetViewController.swift; sourceTree = "<group>"; };
		848A497C2FEF9CD4000F14DC /* WeAReLearning.app */ = {isa = PBXFileReference; explicitFileType = wrapper.application; includeInIndex = 0; path = WeAReLearning.app; sourceTree = BUILT_PRODUCTS_DIR; };
/* End PBXFileReference section */

/* Begin PBXFrameworksBuildPhase section */
		848A49792FEF9CD4000F14DC /* Frameworks */ = {
			isa = PBXFrameworksBuildPhase;
			buildActionMask = 2147483647;
			files = (
			);
			runOnlyForDeploymentPostprocessing = 0;
		};
/* End PBXFrameworksBuildPhase section */

/* Begin PBXGroup section */
		843E30E62FF68ECD00D9E33C /* App */ = {
			isa = PBXGroup;
			children = (
				843E30E42FF68ECD00D9E33C /* AppDelegate.swift */,
				843E30E52FF68ECD00D9E33C /* SceneDelegate.swift */,
			);
			path = App;
			sourceTree = "<group>";
		};
		843E30EA2FF68ECD00D9E33C /* Models */ = {
			isa = PBXGroup;
			children = (
				843E30E82FF68ECD00D9E33C /* AnchorTapInfo.swift */,
				843E30E92FF68ECD00D9E33C /* ARCardItem.swift */,
			);
			path = Models;
			sourceTree = "<group>";
		};
		843E30EC2FF68ECD00D9E33C /* Services */ = {
			isa = PBXGroup;
			children = (
				843E30EB2FF68ECD00D9E33C /* RaycastPlaceholder.swift */,
			);
			path = Services;
			sourceTree = "<group>";
		};
		843E30EF2FF68ECD00D9E33C /* ViewModels */ = {
			isa = PBXGroup;
			children = (
				843E30ED2FF68ECD00D9E33C /* ARWorldTrackingViewModel.swift */,
				843E30EE2FF68ECD00D9E33C /* HomeViewModel.swift */,
			);
			path = ViewModels;
			sourceTree = "<group>";
		};
		843E30F22FF68ECD00D9E33C /* ARWorldTracking */ = {
			isa = PBXGroup;
			children = (
				843E31082FF8380100D9E33C /* RaycastTargetViewController.swift */,
				843E31062FF837EC00D9E33C /* RaycastMethodViewController.swift */,
				843E30F02FF68ECD00D9E33C /* AddAnchorViewController.swift */,
				843E30F12FF68ECD00D9E33C /* ARWorldTrackingViewController.swift */,
			);
			path = ARWorldTracking;
			sourceTree = "<group>";
		};
		843E30F52FF68ECD00D9E33C /* Home */ = {
			isa = PBXGroup;
			children = (
				843E30F32FF68ECD00D9E33C /* HomeCardCell.swift */,
				843E30F42FF68ECD00D9E33C /* HomeViewController.swift */,
			);
			path = Home;
			sourceTree = "<group>";
		};
		843E30F72FF68ECD00D9E33C /* Shared */ = {
			isa = PBXGroup;
			children = (
				843E30F62FF68ECD00D9E33C /* PlaceholderDetailViewController.swift */,
			);
			path = Shared;
			sourceTree = "<group>";
		};
		843E30F82FF68ECD00D9E33C /* Views */ = {
			isa = PBXGroup;
			children = (
				843E30F22FF68ECD00D9E33C /* ARWorldTracking */,
				843E30F52FF68ECD00D9E33C /* Home */,
				843E30F72FF68ECD00D9E33C /* Shared */,
			);
			path = Views;
			sourceTree = "<group>";
		};
		848A49732FEF9CD4000F14DC = {
			isa = PBXGroup;
			children = (
				843E30E62FF68ECD00D9E33C /* App */,
				843E30E72FF68ECD00D9E33C /* Assets.xcassets */,
				843E30EA2FF68ECD00D9E33C /* Models */,
				843E30EC2FF68ECD00D9E33C /* Services */,
				843E30EF2FF68ECD00D9E33C /* ViewModels */,
				843E30F82FF68ECD00D9E33C /* Views */,
				848A497D2FEF9CD4000F14DC /* Products */,
			);
			sourceTree = "<group>";
		};
		848A497D2FEF9CD4000F14DC /* Products */ = {
			isa = PBXGroup;
			children = (
				848A497C2FEF9CD4000F14DC /* WeAReLearning.app */,
			);
			name = Products;
			sourceTree = "<group>";
		};
/* End PBXGroup section */

/* Begin PBXNativeTarget section */
		848A497B2FEF9CD4000F14DC /* WeAReLearning */ = {
			isa = PBXNativeTarget;
			buildConfigurationList = 848A49872FEF9CD4000F14DC /* Build configuration list for PBXNativeTarget "WeAReLearning" */;
			buildPhases = (
				848A49782FEF9CD4000F14DC /* Sources */,
				848A49792FEF9CD4000F14DC /* Frameworks */,
				848A497A2FEF9CD4000F14DC /* Resources */,
			);
			buildRules = (
			);
			dependencies = (
			);
			name = WeAReLearning;
			packageProductDependencies = (
			);
			productName = WeAReLearning;
			productReference = 848A497C2FEF9CD4000F14DC /* WeAReLearning.app */;
			productType = "com.apple.product-type.application";
		};
/* End PBXNativeTarget section */

/* Begin PBXProject section */
		848A49742FEF9CD4000F14DC /* Project object */ = {
			isa = PBXProject;
			attributes = {
				BuildIndependentTargetsInParallel = 1;
				LastSwiftUpdateCheck = 2600;
				LastUpgradeCheck = 2600;
				TargetAttributes = {
					848A497B2FEF9CD4000F14DC = {
						CreatedOnToolsVersion = 26.0;
					};
				};
			};
			buildConfigurationList = 848A49772FEF9CD4000F14DC /* Build configuration list for PBXProject "WeAReLearning" */;
			developmentRegion = en;
			hasScannedForEncodings = 0;
			knownRegions = (
				en,
				Base,
			);
			mainGroup = 848A49732FEF9CD4000F14DC;
			minimizedProjectReferenceProxies = 1;
			preferredProjectObjectVersion = 77;
			productRefGroup = 848A497D2FEF9CD4000F14DC /* Products */;
			projectDirPath = "";
			projectRoot = "";
			targets = (
				848A497B2FEF9CD4000F14DC /* WeAReLearning */,
			);
		};
/* End PBXProject section */

/* Begin PBXResourcesBuildPhase section */
		848A497A2FEF9CD4000F14DC /* Resources */ = {
			isa = PBXResourcesBuildPhase;
			buildActionMask = 2147483647;
			files = (
				843E30F92FF68ECD00D9E33C /* Assets.xcassets in Resources */,
			);
			runOnlyForDeploymentPostprocessing = 0;
		};
/* End PBXResourcesBuildPhase section */

/* Begin PBXSourcesBuildPhase section */
		848A49782FEF9CD4000F14DC /* Sources */ = {
			isa = PBXSourcesBuildPhase;
			buildActionMask = 2147483647;
			files = (
				843E30FA2FF68ECD00D9E33C /* PlaceholderDetailViewController.swift in Sources */,
				843E30FB2FF68ECD00D9E33C /* AddAnchorViewController.swift in Sources */,
				843E30FC2FF68ECD00D9E33C /* RaycastPlaceholder.swift in Sources */,
				843E31072FF837F200D9E33C /* RaycastMethodViewController.swift in Sources */,
				843E30FD2FF68ECD00D9E33C /* SceneDelegate.swift in Sources */,
				843E31092FF8380700D9E33C /* RaycastTargetViewController.swift in Sources */,
				843E30FE2FF68ECD00D9E33C /* AnchorTapInfo.swift in Sources */,
				843E30FF2FF68ECD00D9E33C /* ARCardItem.swift in Sources */,
				843E31002FF68ECD00D9E33C /* AppDelegate.swift in Sources */,
				843E31012FF68ECD00D9E33C /* ARWorldTrackingViewController.swift in Sources */,
				843E31022FF68ECD00D9E33C /* HomeViewModel.swift in Sources */,
				843E31032FF68ECD00D9E33C /* HomeCardCell.swift in Sources */,
				843E31042FF68ECD00D9E33C /* ARWorldTrackingViewModel.swift in Sources */,
				843E31052FF68ECD00D9E33C /* HomeViewController.swift in Sources */,
			);
			runOnlyForDeploymentPostprocessing = 0;
		};
/* End PBXSourcesBuildPhase section */

/* Begin XCBuildConfiguration section */
		848A49852FEF9CD4000F14DC /* Debug */ = {
			isa = XCBuildConfiguration;
			buildSettings = {
				ALWAYS_SEARCH_USER_PATHS = NO;
				ASSETCATALOG_COMPILER_GENERATE_SWIFT_ASSET_SYMBOL_EXTENSIONS = YES;
				CLANG_ANALYZER_NONNULL = YES;
				CLANG_ANALYZER_NUMBER_OBJECT_CONVERSION = YES_AGGRESSIVE;
				CLANG_CXX_LANGUAGE_STANDARD = "gnu++20";
				CLANG_ENABLE_MODULES = YES;
				CLANG_ENABLE_OBJC_ARC = YES;
				CLANG_ENABLE_OBJC_WEAK = YES;
				CLANG_WARN_BLOCK_CAPTURE_AUTORELEASING = YES;
				CLANG_WARN_BOOL_CONVERSION = YES;
				CLANG_WARN_COMMA = YES;
				CLANG_WARN_CONSTANT_CONVERSION = YES;
				CLANG_WARN_DEPRECATED_OBJC_IMPLEMENTATIONS = YES;
				CLANG_WARN_DIRECT_OBJC_ISA_USAGE = YES_ERROR;
				CLANG_WARN_DOCUMENTATION_COMMENTS = YES;
				CLANG_WARN_EMPTY_BODY = YES;
				CLANG_WARN_ENUM_CONVERSION = YES;
				CLANG_WARN_INFINITE_RECURSION = YES;
				CLANG_WARN_INT_CONVERSION = YES;
				CLANG_WARN_NON_LITERAL_NULL_CONVERSION = YES;
				CLANG_WARN_OBJC_IMPLICIT_RETAIN_SELF = YES;
				CLANG_WARN_OBJC_LITERAL_CONVERSION = YES;
				CLANG_WARN_OBJC_ROOT_CLASS = YES_ERROR;
				CLANG_WARN_QUOTED_INCLUDE_IN_FRAMEWORK_HEADER = YES;
				CLANG_WARN_RANGE_LOOP_ANALYSIS = YES;
				CLANG_WARN_STRICT_PROTOTYPES = YES;
				CLANG_WARN_SUSPICIOUS_MOVE = YES;
				CLANG_WARN_UNGUARDED_AVAILABILITY = YES_AGGRESSIVE;
				CLANG_WARN_UNREACHABLE_CODE = YES;
				CLANG_WARN__DUPLICATE_METHOD_MATCH = YES;
				COPY_PHASE_STRIP = NO;
				DEBUG_INFORMATION_FORMAT = dwarf;
				DEVELOPMENT_TEAM = 6S52R6225B;
				ENABLE_STRICT_OBJC_MSGSEND = YES;
				ENABLE_TESTABILITY = YES;
				ENABLE_USER_SCRIPT_SANDBOXING = YES;
				GCC_C_LANGUAGE_STANDARD = gnu17;
				GCC_DYNAMIC_NO_PIC = NO;
				GCC_NO_COMMON_BLOCKS = YES;
				GCC_OPTIMIZATION_LEVEL = 0;
				GCC_PREPROCESSOR_DEFINITIONS = (
					"DEBUG=1",
					"$(inherited)",
				);
				GCC_WARN_64_TO_32_BIT_CONVERSION = YES;
				GCC_WARN_ABOUT_RETURN_TYPE = YES_ERROR;
				GCC_WARN_UNDECLARED_SELECTOR = YES;
				GCC_WARN_UNINITIALIZED_AUTOS = YES_AGGRESSIVE;
				GCC_WARN_UNUSED_FUNCTION = YES;
				GCC_WARN_UNUSED_VARIABLE = YES;
				IPHONEOS_DEPLOYMENT_TARGET = 26.0;
				LOCALIZATION_PREFERS_STRING_CATALOGS = YES;
				MTL_ENABLE_DEBUG_INFO = INCLUDE_SOURCE;
				MTL_FAST_MATH = YES;
				ONLY_ACTIVE_ARCH = YES;
				SDKROOT = iphoneos;
				SWIFT_ACTIVE_COMPILATION_CONDITIONS = "DEBUG $(inherited)";
				SWIFT_OPTIMIZATION_LEVEL = "-Onone";
			};
			name = Debug;
		};
		848A49862FEF9CD4000F14DC /* Release */ = {
			isa = XCBuildConfiguration;
			buildSettings = {
				ALWAYS_SEARCH_USER_PATHS = NO;
				ASSETCATALOG_COMPILER_GENERATE_SWIFT_ASSET_SYMBOL_EXTENSIONS = YES;
				CLANG_ANALYZER_NONNULL = YES;
				CLANG_ANALYZER_NUMBER_OBJECT_CONVERSION = YES_AGGRESSIVE;
				CLANG_CXX_LANGUAGE_STANDARD = "gnu++20";
				CLANG_ENABLE_MODULES = YES;
				CLANG_ENABLE_OBJC_ARC = YES;
				CLANG_ENABLE_OBJC_WEAK = YES;
				CLANG_WARN_BLOCK_CAPTURE_AUTORELEASING = YES;
				CLANG_WARN_BOOL_CONVERSION = YES;
				CLANG_WARN_COMMA = YES;
				CLANG_WARN_CONSTANT_CONVERSION = YES;
				CLANG_WARN_DEPRECATED_OBJC_IMPLEMENTATIONS = YES;
				CLANG_WARN_DIRECT_OBJC_ISA_USAGE = YES_ERROR;
				CLANG_WARN_DOCUMENTATION_COMMENTS = YES;
				CLANG_WARN_EMPTY_BODY = YES;
				CLANG_WARN_ENUM_CONVERSION = YES;
				CLANG_WARN_INFINITE_RECURSION = YES;
				CLANG_WARN_INT_CONVERSION = YES;
				CLANG_WARN_NON_LITERAL_NULL_CONVERSION = YES;
				CLANG_WARN_OBJC_IMPLICIT_RETAIN_SELF = YES;
				CLANG_WARN_OBJC_LITERAL_CONVERSION = YES;
				CLANG_WARN_OBJC_ROOT_CLASS = YES_ERROR;
				CLANG_WARN_QUOTED_INCLUDE_IN_FRAMEWORK_HEADER = YES;
				CLANG_WARN_RANGE_LOOP_ANALYSIS = YES;
				CLANG_WARN_STRICT_PROTOTYPES = YES;
				CLANG_WARN_SUSPICIOUS_MOVE = YES;
				CLANG_WARN_UNGUARDED_AVAILABILITY = YES_AGGRESSIVE;
				CLANG_WARN_UNREACHABLE_CODE = YES;
				CLANG_WARN__DUPLICATE_METHOD_MATCH = YES;
				COPY_PHASE_STRIP = NO;
				DEBUG_INFORMATION_FORMAT = "dwarf-with-dsym";
				DEVELOPMENT_TEAM = 6S52R6225B;
				ENABLE_NS_ASSERTIONS = NO;
				ENABLE_STRICT_OBJC_MSGSEND = YES;
				ENABLE_USER_SCRIPT_SANDBOXING = YES;
				GCC_C_LANGUAGE_STANDARD = gnu17;
				GCC_NO_COMMON_BLOCKS = YES;
				GCC_WARN_64_TO_32_BIT_CONVERSION = YES;
				GCC_WARN_ABOUT_RETURN_TYPE = YES_ERROR;
				GCC_WARN_UNDECLARED_SELECTOR = YES;
				GCC_WARN_UNINITIALIZED_AUTOS = YES_AGGRESSIVE;
				GCC_WARN_UNUSED_FUNCTION = YES;
				GCC_WARN_UNUSED_VARIABLE = YES;
				IPHONEOS_DEPLOYMENT_TARGET = 26.0;
				LOCALIZATION_PREFERS_STRING_CATALOGS = YES;
				MTL_ENABLE_DEBUG_INFO = NO;
				MTL_FAST_MATH = YES;
				SDKROOT = iphoneos;
				SWIFT_COMPILATION_MODE = wholemodule;
				VALIDATE_PRODUCT = YES;
			};
			name = Release;
		};
		848A49882FEF9CD4000F14DC /* Debug */ = {
			isa = XCBuildConfiguration;
			buildSettings = {
				ASSETCATALOG_COMPILER_APPICON_NAME = AppIcon;
				ASSETCATALOG_COMPILER_GLOBAL_ACCENT_COLOR_NAME = AccentColor;
				CODE_SIGN_IDENTITY = "Apple Development";
				CODE_SIGN_STYLE = Automatic;
				CURRENT_PROJECT_VERSION = 1;
				DEVELOPMENT_TEAM = VRTJ7RSGKD;
				ENABLE_PREVIEWS = YES;
				GENERATE_INFOPLIST_FILE = YES;
				INFOPLIST_KEY_NSCameraUsageDescription = "Camera access is required for AR experiences.";
				INFOPLIST_KEY_UIApplicationSceneManifest_Generation = YES;
				INFOPLIST_KEY_UIApplicationSupportsIndirectInputEvents = YES;
				INFOPLIST_KEY_UILaunchScreen_Generation = YES;
				INFOPLIST_KEY_UISupportedInterfaceOrientations_iPad = "UIInterfaceOrientationPortrait UIInterfaceOrientationPortraitUpsideDown UIInterfaceOrientationLandscapeLeft UIInterfaceOrientationLandscapeRight";
				INFOPLIST_KEY_UISupportedInterfaceOrientations_iPhone = "UIInterfaceOrientationPortrait UIInterfaceOrientationLandscapeLeft UIInterfaceOrientationLandscapeRight";
				LD_RUNPATH_SEARCH_PATHS = (
					"$(inherited)",
					"@executable_path/Frameworks",
				);
				MARKETING_VERSION = 1.0;
				PRODUCT_BUNDLE_IDENTIFIER = com.yafonia.WeAReLearning;
				PRODUCT_NAME = "$(TARGET_NAME)";
				PROVISIONING_PROFILE_SPECIFIER = "";
				STRING_CATALOG_GENERATE_SYMBOLS = YES;
				SWIFT_APPROACHABLE_CONCURRENCY = YES;
				SWIFT_DEFAULT_ACTOR_ISOLATION = MainActor;
				SWIFT_EMIT_LOC_STRINGS = YES;
				SWIFT_UPCOMING_FEATURE_MEMBER_IMPORT_VISIBILITY = YES;
				SWIFT_VERSION = 5.0;
				TARGETED_DEVICE_FAMILY = "1,2";
			};
			name = Debug;
		};
		848A49892FEF9CD4000F14DC /* Release */ = {
			isa = XCBuildConfiguration;
			buildSettings = {
				ASSETCATALOG_COMPILER_APPICON_NAME = AppIcon;
				ASSETCATALOG_COMPILER_GLOBAL_ACCENT_COLOR_NAME = AccentColor;
				CODE_SIGN_IDENTITY = "Apple Development";
				CODE_SIGN_STYLE = Automatic;
				CURRENT_PROJECT_VERSION = 1;
				DEVELOPMENT_TEAM = VRTJ7RSGKD;
				ENABLE_PREVIEWS = YES;
				GENERATE_INFOPLIST_FILE = YES;
				INFOPLIST_KEY_NSCameraUsageDescription = "Camera access is required for AR experiences.";
				INFOPLIST_KEY_UIApplicationSceneManifest_Generation = YES;
				INFOPLIST_KEY_UIApplicationSupportsIndirectInputEvents = YES;
				INFOPLIST_KEY_UILaunchScreen_Generation = YES;
				INFOPLIST_KEY_UISupportedInterfaceOrientations_iPad = "UIInterfaceOrientationPortrait UIInterfaceOrientationPortraitUpsideDown UIInterfaceOrientationLandscapeLeft UIInterfaceOrientationLandscapeRight";
				INFOPLIST_KEY_UISupportedInterfaceOrientations_iPhone = "UIInterfaceOrientationPortrait UIInterfaceOrientationLandscapeLeft UIInterfaceOrientationLandscapeRight";
				LD_RUNPATH_SEARCH_PATHS = (
					"$(inherited)",
					"@executable_path/Frameworks",
				);
				MARKETING_VERSION = 1.0;
				PRODUCT_BUNDLE_IDENTIFIER = com.yafonia.WeAReLearning;
				PRODUCT_NAME = "$(TARGET_NAME)";
				PROVISIONING_PROFILE_SPECIFIER = "";
				STRING_CATALOG_GENERATE_SYMBOLS = YES;
				SWIFT_APPROACHABLE_CONCURRENCY = YES;
				SWIFT_DEFAULT_ACTOR_ISOLATION = MainActor;
				SWIFT_EMIT_LOC_STRINGS = YES;
				SWIFT_UPCOMING_FEATURE_MEMBER_IMPORT_VISIBILITY = YES;
				SWIFT_VERSION = 5.0;
				TARGETED_DEVICE_FAMILY = "1,2";
			};
			name = Release;
		};
/* End XCBuildConfiguration section */

/* Begin XCConfigurationList section */
		848A49772FEF9CD4000F14DC /* Build configuration list for PBXProject "WeAReLearning" */ = {
			isa = XCConfigurationList;
			buildConfigurations = (
				848A49852FEF9CD4000F14DC /* Debug */,
				848A49862FEF9CD4000F14DC /* Release */,
			);
			defaultConfigurationIsVisible = 0;
			defaultConfigurationName = Release;
		};
		848A49872FEF9CD4000F14DC /* Build configuration list for PBXNativeTarget "WeAReLearning" */ = {
			isa = XCConfigurationList;
			buildConfigurations = (
				848A49882FEF9CD4000F14DC /* Debug */,
				848A49892FEF9CD4000F14DC /* Release */,
			);
			defaultConfigurationIsVisible = 0;
			defaultConfigurationName = Release;
		};
/* End XCConfigurationList section */
	};
	rootObject = 848A49742FEF9CD4000F14DC /* Project object */;
}
